
Microsoft Visual Studio Solution File, Format Version 12.00
# Visual Studio 15
VisualStudioVersion = 15.0.27703.2026
MinimumVisualStudioVersion = 10.0.40219.1
Project("{FAE04EC0-301F-11D3-BF4B-00C04F79EFBC}") = "AvisFormation.WebUi", "AvisFormation.WebUi\AvisFormation.WebUi.csproj", "{60B750FC-29A6-4579-A545-8C6FB36B3566}"
EndProject
Global
	GlobalSection(SolutionConfigurationPlatforms) = preSolution
		Debug|Any CPU = Debug|Any CPU
		Release|Any CPU = Release|Any CPU
	EndGlobalSection
	GlobalSection(ProjectConfigurationPlatforms) = postSolution
		{60B750FC-29A6-4579-A545-8C6FB36B3566}.Debug|Any CPU.ActiveCfg = Debug|Any CPU
		{60B750FC-29A6-4579-A545-8C6FB36B3566}.Debug|Any CPU.Build.0 = Debug|Any CPU
		{60B750FC-29A6-4579-A545-8C6FB36B3566}.Release|Any CPU.ActiveCfg = Release|Any CPU
		{60B750FC-29A6-4579-A545-8C6FB36B3566}.Release|Any CPU.Build.0 = Release|Any CPU
	EndGlobalSection
	GlobalSection(SolutionProperties) = preSolution
		HideSolutionNode = FALSE
	EndGlobalSection
	GlobalSection(ExtensibilityGlobals) = postSolution
		SolutionGuid = {C4FE9446-C7E7-45C5-9C0B-57046965B541}
	EndGlobalSection
EndGlobal
